
Microsoft Visual Studio Solution File, Format Version 12.00
# Visual Studio Version 17
VisualStudioVersion = 17.14.36705.20
MinimumVisualStudioVersion = 10.0.40219.1
Project("{FAE04EC0-301F-11D3-BF4B-00C04F79EFBC}") = "ColorPicker", "ColorPicker\ColorPicker.csproj", "{0E792754-DB66-49A0-B58E-F61639011DC5}"
EndProject
Project("{2150E333-8FDC-42A3-9474-1A3956D46DE8}") = "Éléments de solution", "Éléments de solution", "{9C8CB701-102D-CF49-A3E0-89AC09D42C2C}"
	ProjectSection(SolutionItems) = preProject
		..\..\..\..\..\Downloads\color-picker.cur = ..\..\..\..\..\Downloads\color-picker.cur
	EndProjectSection
EndProject
Project("{54435603-DBB4-11D2-8724-00A0C9A8B90C}") = "SetupColorPicker", "SetupColorPicker\SetupColorPicker.vdproj", "{1A6C6140-5FC0-3ACA-9B5F-F5F2561D1358}"
EndProject
Global
	GlobalSection(SolutionConfigurationPlatforms) = preSolution
		Debug|Any CPU = Debug|Any CPU
		Release|Any CPU = Release|Any CPU
	EndGlobalSection
	GlobalSection(ProjectConfigurationPlatforms) = postSolution
		{0E792754-DB66-49A0-B58E-F61639011DC5}.Debug|Any CPU.ActiveCfg = Debug|Any CPU
		{0E792754-DB66-49A0-B58E-F61639011DC5}.Debug|Any CPU.Build.0 = Debug|Any CPU
		{0E792754-DB66-49A0-B58E-F61639011DC5}.Release|Any CPU.ActiveCfg = Release|Any CPU
		{0E792754-DB66-49A0-B58E-F61639011DC5}.Release|Any CPU.Build.0 = Release|Any CPU
		{1A6C6140-5FC0-3ACA-9B5F-F5F2561D1358}.Debug|Any CPU.ActiveCfg = Debug
		{1A6C6140-5FC0-3ACA-9B5F-F5F2561D1358}.Release|Any CPU.ActiveCfg = Release
	EndGlobalSection
	GlobalSection(SolutionProperties) = preSolution
		HideSolutionNode = FALSE
	EndGlobalSection
	GlobalSection(ExtensibilityGlobals) = postSolution
		SolutionGuid = {A7B359DB-BD44-422A-A1AF-9E36E2584170}
	EndGlobalSection
EndGlobal
